// !$*UTF8*$!
{
	archiveVersion = 1;
	classes = {
	};
	objectVersion = 56;
	objects = {

/* Begin PBXBuildFile section */
		F45931592C8D72A300DA4FC3 /* HomeView.swift in Sources */ = {isa = PBXBuildFile; fileRef = F45931562C8D72A300DA4FC3 /* HomeView.swift */; };
		F459315A2C8D72A300DA4FC3 /* SettingsView.swift in Sources */ = {isa = PBXBuildFile; fileRef = F45931572C8D72A300DA4FC3 /* SettingsView.swift */; };
		F459315B2C8D72A300DA4FC3 /* ContentView.swift in Sources */ = {isa = PBXBuildFile; fileRef = F45931582C8D72A300DA4FC3 /* ContentView.swift */; };
		F45931602C8ECAF300DA4FC3 /* SwiftOpenAI in Frameworks */ = {isa = PBXBuildFile; productRef = F459315F2C8ECAF300DA4FC3 /* SwiftOpenAI */; };
		F45931652C8EE1BC00DA4FC3 /* ChatProvider.swift in Sources */ = {isa = PBXBuildFile; fileRef = F45931642C8EE1BC00DA4FC3 /* ChatProvider.swift */; };
		F45931672C8EE21B00DA4FC3 /* ChatDemoView.swift in Sources */ = {isa = PBXBuildFile; fileRef = F45931662C8EE21B00DA4FC3 /* ChatDemoView.swift */; };
		F459318E2C8F36A000DA4FC3 /* AzureAiConfig.swift in Sources */ = {isa = PBXBuildFile; fileRef = F459318D2C8F36A000DA4FC3 /* AzureAiConfig.swift */; };
		F45931902C8F3B9400DA4FC3 /* AzureAiService.swift in Sources */ = {isa = PBXBuildFile; fileRef = F459318F2C8F3B9400DA4FC3 /* AzureAiService.swift */; };
		F45931932C8F421E00DA4FC3 /* OpenAIResponse.swift in Sources */ = {isa = PBXBuildFile; fileRef = F45931922C8F421E00DA4FC3 /* OpenAIResponse.swift */; };
		F45931962C8F529700DA4FC3 /* UtilsExtensions.swift in Sources */ = {isa = PBXBuildFile; fileRef = F45931952C8F529700DA4FC3 /* UtilsExtensions.swift */; };
		F45931982C96BD3200DA4FC3 /* Localizable.xcstrings in Resources */ = {isa = PBXBuildFile; fileRef = F45931972C96BD3200DA4FC3 /* Localizable.xcstrings */; };
		F459319B2C96D04600DA4FC3 /* LanguageManager.swift in Sources */ = {isa = PBXBuildFile; fileRef = F459319A2C96D04600DA4FC3 /* LanguageManager.swift */; };
		F459319D2C96F43200DA4FC3 /* DistanceLevel.swift in Sources */ = {isa = PBXBuildFile; fileRef = F459319C2C96F43200DA4FC3 /* DistanceLevel.swift */; };
		F46C8C7B2C8B3A3900978CE7 /* EyezeApp.swift in Sources */ = {isa = PBXBuildFile; fileRef = F46C8C7A2C8B3A3900978CE7 /* EyezeApp.swift */; };
		F46C8C7F2C8B3A3A00978CE7 /* Assets.xcassets in Resources */ = {isa = PBXBuildFile; fileRef = F46C8C7E2C8B3A3A00978CE7 /* Assets.xcassets */; };
		F46C8C832C8B3A3A00978CE7 /* Preview Assets.xcassets in Resources */ = {isa = PBXBuildFile; fileRef = F46C8C822C8B3A3A00978CE7 /* Preview Assets.xcassets */; };
		F46C8C9F2C8D700C00978CE7 /* DistanceLabelUtils.swift in Sources */ = {isa = PBXBuildFile; fileRef = F46C8C9E2C8D700C00978CE7 /* DistanceLabelUtils.swift */; };
		F46C8CA02C8D700C00978CE7 /* ARViewController.swift in Sources */ = {isa = PBXBuildFile; fileRef = F46C8C9D2C8D700C00978CE7 /* ARViewController.swift */; };
/* End PBXBuildFile section */

/* Begin PBXFileReference section */
		F45931562C8D72A300DA4FC3 /* HomeView.swift */ = {isa = PBXFileReference; fileEncoding = 4; lastKnownFileType = sourcecode.swift; path = HomeView.swift; sourceTree = "<group>"; };
		F45931572C8D72A300DA4FC3 /* SettingsView.swift */ = {isa = PBXFileReference; fileEncoding = 4; lastKnownFileType = sourcecode.swift; path = SettingsView.swift; sourceTree = "<group>"; };
		F45931582C8D72A300DA4FC3 /* ContentView.swift */ = {isa = PBXFileReference; fileEncoding = 4; lastKnownFileType = sourcecode.swift; path = ContentView.swift; sourceTree = "<group>"; };
		F45931642C8EE1BC00DA4FC3 /* ChatProvider.swift */ = {isa = PBXFileReference; lastKnownFileType = sourcecode.swift; path = ChatProvider.swift; sourceTree = "<group>"; };
		F45931662C8EE21B00DA4FC3 /* ChatDemoView.swift */ = {isa = PBXFileReference; lastKnownFileType = sourcecode.swift; path = ChatDemoView.swift; sourceTree = "<group>"; };
		F45931682C8EED1F00DA4FC3 /* Config.xcconfig */ = {isa = PBXFileReference; lastKnownFileType = text.xcconfig; path = Config.xcconfig; sourceTree = "<group>"; };
		F45931692C8EEDBA00DA4FC3 /* Info.plist */ = {isa = PBXFileReference; lastKnownFileType = text.plist; path = Info.plist; sourceTree = "<group>"; };
		F459318D2C8F36A000DA4FC3 /* AzureAiConfig.swift */ = {isa = PBXFileReference; lastKnownFileType = sourcecode.swift; path = AzureAiConfig.swift; sourceTree = "<group>"; };
		F459318F2C8F3B9400DA4FC3 /* AzureAiService.swift */ = {isa = PBXFileReference; lastKnownFileType = sourcecode.swift; path = AzureAiService.swift; sourceTree = "<group>"; };
		F45931922C8F421E00DA4FC3 /* OpenAIResponse.swift */ = {isa = PBXFileReference; lastKnownFileType = sourcecode.swift; path = OpenAIResponse.swift; sourceTree = "<group>"; };
		F45931952C8F529700DA4FC3 /* UtilsExtensions.swift */ = {isa = PBXFileReference; lastKnownFileType = sourcecode.swift; path = UtilsExtensions.swift; sourceTree = "<group>"; };
		F45931972C96BD3200DA4FC3 /* Localizable.xcstrings */ = {isa = PBXFileReference; lastKnownFileType = text.json.xcstrings; path = Localizable.xcstrings; sourceTree = "<group>"; };
		F459319A2C96D04600DA4FC3 /* LanguageManager.swift */ = {isa = PBXFileReference; lastKnownFileType = sourcecode.swift; path = LanguageManager.swift; sourceTree = "<group>"; };
		F459319C2C96F43200DA4FC3 /* DistanceLevel.swift */ = {isa = PBXFileReference; lastKnownFileType = sourcecode.swift; path = DistanceLevel.swift; sourceTree = "<group>"; };
		F46C8C772C8B3A3900978CE7 /* Eyeze.app */ = {isa = PBXFileReference; explicitFileType = wrapper.application; includeInIndex = 0; path = Eyeze.app; sourceTree = BUILT_PRODUCTS_DIR; };
		F46C8C7A2C8B3A3900978CE7 /* EyezeApp.swift */ = {isa = PBXFileReference; lastKnownFileType = sourcecode.swift; path = EyezeApp.swift; sourceTree = "<group>"; };
		F46C8C7E2C8B3A3A00978CE7 /* Assets.xcassets */ = {isa = PBXFileReference; lastKnownFileType = folder.assetcatalog; path = Assets.xcassets; sourceTree = "<group>"; };
		F46C8C802C8B3A3A00978CE7 /* Eyeze.entitlements */ = {isa = PBXFileReference; lastKnownFileType = text.plist.entitlements; path = Eyeze.entitlements; sourceTree = "<group>"; };
		F46C8C822C8B3A3A00978CE7 /* Preview Assets.xcassets */ = {isa = PBXFileReference; lastKnownFileType = folder.assetcatalog; path = "Preview Assets.xcassets"; sourceTree = "<group>"; };
		F46C8C942C8CED6F00978CE7 /* DistanceLabelUtils.swift */ = {isa = PBXFileReference; lastKnownFileType = sourcecode.swift; name = DistanceLabelUtils.swift; path = ../Utils/DistanceLabelUtils.swift; sourceTree = "<group>"; };
		F46C8C9D2C8D700C00978CE7 /* ARViewController.swift */ = {isa = PBXFileReference; lastKnownFileType = sourcecode.swift; path = ARViewController.swift; sourceTree = "<group>"; };
		F46C8C9E2C8D700C00978CE7 /* DistanceLabelUtils.swift */ = {isa = PBXFileReference; lastKnownFileType = sourcecode.swift; path = DistanceLabelUtils.swift; sourceTree = "<group>"; };
/* End PBXFileReference section */

/* Begin PBXFrameworksBuildPhase section */
		F46C8C742C8B3A3900978CE7 /* Frameworks */ = {
			isa = PBXFrameworksBuildPhase;
			buildActionMask = 2147483647;
			files = (
				F45931602C8ECAF300DA4FC3 /* SwiftOpenAI in Frameworks */,
			);
			runOnlyForDeploymentPostprocessing = 0;
		};
/* End PBXFrameworksBuildPhase section */

/* Begin PBXGroup section */
		F45931632C8EE1AA00DA4FC3 /* ChatDemo */ = {
			isa = PBXGroup;
			children = (
				F45931642C8EE1BC00DA4FC3 /* ChatProvider.swift */,
				F45931662C8EE21B00DA4FC3 /* ChatDemoView.swift */,
			);
			path = ChatDemo;
			sourceTree = "<group>";
		};
		F459318C2C8F368500DA4FC3 /* AzureAi */ = {
			isa = PBXGroup;
			children = (
				F459318D2C8F36A000DA4FC3 /* AzureAiConfig.swift */,
				F459318F2C8F3B9400DA4FC3 /* AzureAiService.swift */,
			);
			path = AzureAi;
			sourceTree = "<group>";
		};
		F45931912C8F420300DA4FC3 /* Models */ = {
			isa = PBXGroup;
			children = (
				F45931922C8F421E00DA4FC3 /* OpenAIResponse.swift */,
				F459319C2C96F43200DA4FC3 /* DistanceLevel.swift */,
			);
			path = Models;
			sourceTree = "<group>";
		};
		F45931942C8F528200DA4FC3 /* Extensions */ = {
			isa = PBXGroup;
			children = (
				F45931952C8F529700DA4FC3 /* UtilsExtensions.swift */,
			);
			path = Extensions;
			sourceTree = "<group>";
		};
		F46C8C6E2C8B3A3900978CE7 = {
			isa = PBXGroup;
			children = (
				F45931972C96BD3200DA4FC3 /* Localizable.xcstrings */,
				F45931682C8EED1F00DA4FC3 /* Config.xcconfig */,
				F46C8C792C8B3A3900978CE7 /* Eyeze */,
				F46C8C782C8B3A3900978CE7 /* Products */,
			);
			sourceTree = "<group>";
		};
		F46C8C782C8B3A3900978CE7 /* Products */ = {
			isa = PBXGroup;
			children = (
				F46C8C772C8B3A3900978CE7 /* Eyeze.app */,
			);
			name = Products;
			sourceTree = "<group>";
		};
		F46C8C792C8B3A3900978CE7 /* Eyeze */ = {
			isa = PBXGroup;
			children = (
				F45931942C8F528200DA4FC3 /* Extensions */,
				F45931912C8F420300DA4FC3 /* Models */,
				F459318C2C8F368500DA4FC3 /* AzureAi */,
				F45931632C8EE1AA00DA4FC3 /* ChatDemo */,
				F46C8CA12C8D701C00978CE7 /* ARViewController */,
				F46C8C7A2C8B3A3900978CE7 /* EyezeApp.swift */,
				F45931582C8D72A300DA4FC3 /* ContentView.swift */,
				F45931562C8D72A300DA4FC3 /* HomeView.swift */,
				F45931572C8D72A300DA4FC3 /* SettingsView.swift */,
				F45931692C8EEDBA00DA4FC3 /* Info.plist */,
				F46C8C7E2C8B3A3A00978CE7 /* Assets.xcassets */,
				F46C8C802C8B3A3A00978CE7 /* Eyeze.entitlements */,
				F46C8C812C8B3A3A00978CE7 /* Preview Content */,
				F459319A2C96D04600DA4FC3 /* LanguageManager.swift */,
			);
			path = Eyeze;
			sourceTree = "<group>";
		};
		F46C8C812C8B3A3A00978CE7 /* Preview Content */ = {
			isa = PBXGroup;
			children = (
				F46C8C942C8CED6F00978CE7 /* DistanceLabelUtils.swift */,
				F46C8C822C8B3A3A00978CE7 /* Preview Assets.xcassets */,
			);
			path = "Preview Content";
			sourceTree = "<group>";
		};
		F46C8CA12C8D701C00978CE7 /* ARViewController */ = {
			isa = PBXGroup;
			children = (
				F46C8C9D2C8D700C00978CE7 /* ARViewController.swift */,
				F46C8C9E2C8D700C00978CE7 /* DistanceLabelUtils.swift */,
			);
			path = ARViewController;
			sourceTree = "<group>";
		};
/* End PBXGroup section */

/* Begin PBXNativeTarget section */
		F46C8C762C8B3A3900978CE7 /* Eyeze */ = {
			isa = PBXNativeTarget;
			buildConfigurationList = F46C8C862C8B3A3A00978CE7 /* Build configuration list for PBXNativeTarget "Eyeze" */;
			buildPhases = (
				F46C8C732C8B3A3900978CE7 /* Sources */,
				F46C8C742C8B3A3900978CE7 /* Frameworks */,
				F46C8C752C8B3A3900978CE7 /* Resources */,
			);
			buildRules = (
			);
			dependencies = (
			);
			name = Eyeze;
			packageProductDependencies = (
				F459315F2C8ECAF300DA4FC3 /* SwiftOpenAI */,
			);
			productName = Eyeze;
			productReference = F46C8C772C8B3A3900978CE7 /* Eyeze.app */;
			productType = "com.apple.product-type.application";
		};
/* End PBXNativeTarget section */

/* Begin PBXProject section */
		F46C8C6F2C8B3A3900978CE7 /* Project object */ = {
			isa = PBXProject;
			attributes = {
				BuildIndependentTargetsInParallel = 1;
				LastSwiftUpdateCheck = 1520;
				LastUpgradeCheck = 1520;
				TargetAttributes = {
					F46C8C762C8B3A3900978CE7 = {
						CreatedOnToolsVersion = 15.2;
					};
				};
			};
			buildConfigurationList = F46C8C722C8B3A3900978CE7 /* Build configuration list for PBXProject "Eyeze" */;
			compatibilityVersion = "Xcode 14.0";
			developmentRegion = en;
			hasScannedForEncodings = 0;
			knownRegions = (
				en,
				Base,
				he,
			);
			mainGroup = F46C8C6E2C8B3A3900978CE7;
			packageReferences = (
				F459315E2C8ECAF300DA4FC3 /* XCRemoteSwiftPackageReference "SwiftOpenAI" */,
			);
			productRefGroup = F46C8C782C8B3A3900978CE7 /* Products */;
			projectDirPath = "";
			projectRoot = "";
			targets = (
				F46C8C762C8B3A3900978CE7 /* Eyeze */,
			);
		};
/* End PBXProject section */

/* Begin PBXResourcesBuildPhase section */
		F46C8C752C8B3A3900978CE7 /* Resources */ = {
			isa = PBXResourcesBuildPhase;
			buildActionMask = 2147483647;
			files = (
				F46C8C832C8B3A3A00978CE7 /* Preview Assets.xcassets in Resources */,
				F46C8C7F2C8B3A3A00978CE7 /* Assets.xcassets in Resources */,
				F45931982C96BD3200DA4FC3 /* Localizable.xcstrings in Resources */,
			);
			runOnlyForDeploymentPostprocessing = 0;
		};
/* End PBXResourcesBuildPhase section */

/* Begin PBXSourcesBuildPhase section */
		F46C8C732C8B3A3900978CE7 /* Sources */ = {
			isa = PBXSourcesBuildPhase;
			buildActionMask = 2147483647;
			files = (
				F459318E2C8F36A000DA4FC3 /* AzureAiConfig.swift in Sources */,
				F459319B2C96D04600DA4FC3 /* LanguageManager.swift in Sources */,
				F45931962C8F529700DA4FC3 /* UtilsExtensions.swift in Sources */,
				F45931902C8F3B9400DA4FC3 /* AzureAiService.swift in Sources */,
				F45931652C8EE1BC00DA4FC3 /* ChatProvider.swift in Sources */,
				F459315A2C8D72A300DA4FC3 /* SettingsView.swift in Sources */,
				F45931672C8EE21B00DA4FC3 /* ChatDemoView.swift in Sources */,
				F45931932C8F421E00DA4FC3 /* OpenAIResponse.swift in Sources */,
				F46C8C9F2C8D700C00978CE7 /* DistanceLabelUtils.swift in Sources */,
				F459319D2C96F43200DA4FC3 /* DistanceLevel.swift in Sources */,
				F459315B2C8D72A300DA4FC3 /* ContentView.swift in Sources */,
				F45931592C8D72A300DA4FC3 /* HomeView.swift in Sources */,
				F46C8CA02C8D700C00978CE7 /* ARViewController.swift in Sources */,
				F46C8C7B2C8B3A3900978CE7 /* EyezeApp.swift in Sources */,
			);
			runOnlyForDeploymentPostprocessing = 0;
		};
/* End PBXSourcesBuildPhase section */

/* Begin XCBuildConfiguration section */
		F46C8C842C8B3A3A00978CE7 /* Debug */ = {
			isa = XCBuildConfiguration;
			buildSettings = {
				ALWAYS_SEARCH_USER_PATHS = NO;
				ASSETCATALOG_COMPILER_GENERATE_SWIFT_ASSET_SYMBOL_EXTENSIONS = YES;
				CLANG_ANALYZER_NONNULL = YES;
				CLANG_ANALYZER_NUMBER_OBJECT_CONVERSION = YES_AGGRESSIVE;
				CLANG_CXX_LANGUAGE_STANDARD = "gnu++20";
				CLANG_ENABLE_MODULES = YES;
				CLANG_ENABLE_OBJC_ARC = YES;
				CLANG_ENABLE_OBJC_WEAK = YES;
				CLANG_WARN_BLOCK_CAPTURE_AUTORELEASING = YES;
				CLANG_WARN_BOOL_CONVERSION = YES;
				CLANG_WARN_COMMA = YES;
				CLANG_WARN_CONSTANT_CONVERSION = YES;
				CLANG_WARN_DEPRECATED_OBJC_IMPLEMENTATIONS = YES;
				CLANG_WARN_DIRECT_OBJC_ISA_USAGE = YES_ERROR;
				CLANG_WARN_DOCUMENTATION_COMMENTS = YES;
				CLANG_WARN_EMPTY_BODY = YES;
				CLANG_WARN_ENUM_CONVERSION = YES;
				CLANG_WARN_INFINITE_RECURSION = YES;
				CLANG_WARN_INT_CONVERSION = YES;
				CLANG_WARN_NON_LITERAL_NULL_CONVERSION = YES;
				CLANG_WARN_OBJC_IMPLICIT_RETAIN_SELF = YES;
				CLANG_WARN_OBJC_LITERAL_CONVERSION = YES;
				CLANG_WARN_OBJC_ROOT_CLASS = YES_ERROR;
				CLANG_WARN_QUOTED_INCLUDE_IN_FRAMEWORK_HEADER = YES;
				CLANG_WARN_RANGE_LOOP_ANALYSIS = YES;
				CLANG_WARN_STRICT_PROTOTYPES = YES;
				CLANG_WARN_SUSPICIOUS_MOVE = YES;
				CLANG_WARN_UNGUARDED_AVAILABILITY = YES_AGGRESSIVE;
				CLANG_WARN_UNREACHABLE_CODE = YES;
				CLANG_WARN__DUPLICATE_METHOD_MATCH = YES;
				COPY_PHASE_STRIP = NO;
				DEBUG_INFORMATION_FORMAT = dwarf;
				ENABLE_STRICT_OBJC_MSGSEND = YES;
				ENABLE_TESTABILITY = YES;
				ENABLE_USER_SCRIPT_SANDBOXING = YES;
				GCC_C_LANGUAGE_STANDARD = gnu17;
				GCC_DYNAMIC_NO_PIC = NO;
				GCC_NO_COMMON_BLOCKS = YES;
				GCC_OPTIMIZATION_LEVEL = 0;
				GCC_PREPROCESSOR_DEFINITIONS = (
					"DEBUG=1",
					"$(inherited)",
				);
				GCC_WARN_64_TO_32_BIT_CONVERSION = YES;
				GCC_WARN_ABOUT_RETURN_TYPE = YES_ERROR;
				GCC_WARN_UNDECLARED_SELECTOR = YES;
				GCC_WARN_UNINITIALIZED_AUTOS = YES_AGGRESSIVE;
				GCC_WARN_UNUSED_FUNCTION = YES;
				GCC_WARN_UNUSED_VARIABLE = YES;
				LOCALIZATION_PREFERS_STRING_CATALOGS = YES;
				MTL_ENABLE_DEBUG_INFO = INCLUDE_SOURCE;
				MTL_FAST_MATH = YES;
				ONLY_ACTIVE_ARCH = YES;
				SWIFT_ACTIVE_COMPILATION_CONDITIONS = "DEBUG $(inherited)";
				SWIFT_OPTIMIZATION_LEVEL = "-Onone";
			};
			name = Debug;
		};
		F46C8C852C8B3A3A00978CE7 /* Release */ = {
			isa = XCBuildConfiguration;
			buildSettings = {
				ALWAYS_SEARCH_USER_PATHS = NO;
				ASSETCATALOG_COMPILER_GENERATE_SWIFT_ASSET_SYMBOL_EXTENSIONS = YES;
				CLANG_ANALYZER_NONNULL = YES;
				CLANG_ANALYZER_NUMBER_OBJECT_CONVERSION = YES_AGGRESSIVE;
				CLANG_CXX_LANGUAGE_STANDARD = "gnu++20";
				CLANG_ENABLE_MODULES = YES;
				CLANG_ENABLE_OBJC_ARC = YES;
				CLANG_ENABLE_OBJC_WEAK = YES;
				CLANG_WARN_BLOCK_CAPTURE_AUTORELEASING = YES;
				CLANG_WARN_BOOL_CONVERSION = YES;
				CLANG_WARN_COMMA = YES;
				CLANG_WARN_CONSTANT_CONVERSION = YES;
				CLANG_WARN_DEPRECATED_OBJC_IMPLEMENTATIONS = YES;
				CLANG_WARN_DIRECT_OBJC_ISA_USAGE = YES_ERROR;
				CLANG_WARN_DOCUMENTATION_COMMENTS = YES;
				CLANG_WARN_EMPTY_BODY = YES;
				CLANG_WARN_ENUM_CONVERSION = YES;
				CLANG_WARN_INFINITE_RECURSION = YES;
				CLANG_WARN_INT_CONVERSION = YES;
				CLANG_WARN_NON_LITERAL_NULL_CONVERSION = YES;
				CLANG_WARN_OBJC_IMPLICIT_RETAIN_SELF = YES;
				CLANG_WARN_OBJC_LITERAL_CONVERSION = YES;
				CLANG_WARN_OBJC_ROOT_CLASS = YES_ERROR;
				CLANG_WARN_QUOTED_INCLUDE_IN_FRAMEWORK_HEADER = YES;
				CLANG_WARN_RANGE_LOOP_ANALYSIS = YES;
				CLANG_WARN_STRICT_PROTOTYPES = YES;
				CLANG_WARN_SUSPICIOUS_MOVE = YES;
				CLANG_WARN_UNGUARDED_AVAILABILITY = YES_AGGRESSIVE;
				CLANG_WARN_UNREACHABLE_CODE = YES;
				CLANG_WARN__DUPLICATE_METHOD_MATCH = YES;
				COPY_PHASE_STRIP = NO;
				DEBUG_INFORMATION_FORMAT = "dwarf-with-dsym";
				ENABLE_NS_ASSERTIONS = NO;
				ENABLE_STRICT_OBJC_MSGSEND = YES;
				ENABLE_USER_SCRIPT_SANDBOXING = YES;
				GCC_C_LANGUAGE_STANDARD = gnu17;
				GCC_NO_COMMON_BLOCKS = YES;
				GCC_WARN_64_TO_32_BIT_CONVERSION = YES;
				GCC_WARN_ABOUT_RETURN_TYPE = YES_ERROR;
				GCC_WARN_UNDECLARED_SELECTOR = YES;
				GCC_WARN_UNINITIALIZED_AUTOS = YES_AGGRESSIVE;
				GCC_WARN_UNUSED_FUNCTION = YES;
				GCC_WARN_UNUSED_VARIABLE = YES;
				LOCALIZATION_PREFERS_STRING_CATALOGS = YES;
				MTL_ENABLE_DEBUG_INFO = NO;
				MTL_FAST_MATH = YES;
				SWIFT_COMPILATION_MODE = wholemodule;
			};
			name = Release;
		};
		F46C8C872C8B3A3A00978CE7 /* Debug */ = {
			isa = XCBuildConfiguration;
			baseConfigurationReference = F45931682C8EED1F00DA4FC3 /* Config.xcconfig */;
			buildSettings = {
				ASSETCATALOG_COMPILER_APPICON_NAME = AppIcon;
				ASSETCATALOG_COMPILER_GLOBAL_ACCENT_COLOR_NAME = AccentColor;
				CODE_SIGN_ENTITLEMENTS = Eyeze/Eyeze.entitlements;
				CODE_SIGN_STYLE = Automatic;
				CURRENT_PROJECT_VERSION = 1;
				DEVELOPMENT_ASSET_PATHS = "\"Eyeze/Preview Content\"";
				DEVELOPMENT_TEAM = 79626KCE83;
				ENABLE_HARDENED_RUNTIME = YES;
				ENABLE_PREVIEWS = YES;
				GENERATE_INFOPLIST_FILE = YES;
				INFOPLIST_FILE = Eyeze/Info.plist;
				INFOPLIST_KEY_NSCameraUsageDescription = "";
				"INFOPLIST_KEY_UIApplicationSceneManifest_Generation[sdk=iphoneos*]" = YES;
				"INFOPLIST_KEY_UIApplicationSceneManifest_Generation[sdk=iphonesimulator*]" = YES;
				"INFOPLIST_KEY_UIApplicationSupportsIndirectInputEvents[sdk=iphoneos*]" = YES;
				"INFOPLIST_KEY_UIApplicationSupportsIndirectInputEvents[sdk=iphonesimulator*]" = YES;
				"INFOPLIST_KEY_UILaunchScreen_Generation[sdk=iphoneos*]" = YES;
				"INFOPLIST_KEY_UILaunchScreen_Generation[sdk=iphonesimulator*]" = YES;
				"INFOPLIST_KEY_UIStatusBarStyle[sdk=iphoneos*]" = UIStatusBarStyleDefault;
				"INFOPLIST_KEY_UIStatusBarStyle[sdk=iphonesimulator*]" = UIStatusBarStyleDefault;
				INFOPLIST_KEY_UISupportedInterfaceOrientations_iPad = "UIInterfaceOrientationPortrait UIInterfaceOrientationPortraitUpsideDown UIInterfaceOrientationLandscapeLeft UIInterfaceOrientationLandscapeRight";
				INFOPLIST_KEY_UISupportedInterfaceOrientations_iPhone = "UIInterfaceOrientationPortrait UIInterfaceOrientationLandscapeLeft UIInterfaceOrientationLandscapeRight";
				IPHONEOS_DEPLOYMENT_TARGET = 17.2;
				LD_RUNPATH_SEARCH_PATHS = "@executable_path/Frameworks";
				"LD_RUNPATH_SEARCH_PATHS[sdk=macosx*]" = "@executable_path/../Frameworks";
				MACOSX_DEPLOYMENT_TARGET = 14.2;
				MARKETING_VERSION = 1.0;
				PRODUCT_BUNDLE_IDENTIFIER = com.hollander.Eyeze;
				PRODUCT_NAME = "$(TARGET_NAME)";
				SDKROOT = auto;
				SUPPORTED_PLATFORMS = "iphoneos iphonesimulator macosx";
				SWIFT_EMIT_LOC_STRINGS = YES;
				SWIFT_VERSION = 5.0;
				TARGETED_DEVICE_FAMILY = "1,2";
			};
			name = Debug;
		};
		F46C8C882C8B3A3A00978CE7 /* Release */ = {
			isa = XCBuildConfiguration;
			baseConfigurationReference = F45931682C8EED1F00DA4FC3 /* Config.xcconfig */;
			buildSettings = {
				ASSETCATALOG_COMPILER_APPICON_NAME = AppIcon;
				ASSETCATALOG_COMPILER_GLOBAL_ACCENT_COLOR_NAME = AccentColor;
				CODE_SIGN_ENTITLEMENTS = Eyeze/Eyeze.entitlements;
				CODE_SIGN_STYLE = Automatic;
				CURRENT_PROJECT_VERSION = 1;
				DEVELOPMENT_ASSET_PATHS = "\"Eyeze/Preview Content\"";
				DEVELOPMENT_TEAM = 79626KCE83;
				ENABLE_HARDENED_RUNTIME = YES;
				ENABLE_PREVIEWS = YES;
				GENERATE_INFOPLIST_FILE = YES;
				INFOPLIST_FILE = Eyeze/Info.plist;
				INFOPLIST_KEY_NSCameraUsageDescription = "";
				"INFOPLIST_KEY_UIApplicationSceneManifest_Generation[sdk=iphoneos*]" = YES;
				"INFOPLIST_KEY_UIApplicationSceneManifest_Generation[sdk=iphonesimulator*]" = YES;
				"INFOPLIST_KEY_UIApplicationSupportsIndirectInputEvents[sdk=iphoneos*]" = YES;
				"INFOPLIST_KEY_UIApplicationSupportsIndirectInputEvents[sdk=iphonesimulator*]" = YES;
				"INFOPLIST_KEY_UILaunchScreen_Generation[sdk=iphoneos*]" = YES;
				"INFOPLIST_KEY_UILaunchScreen_Generation[sdk=iphonesimulator*]" = YES;
				"INFOPLIST_KEY_UIStatusBarStyle[sdk=iphoneos*]" = UIStatusBarStyleDefault;
				"INFOPLIST_KEY_UIStatusBarStyle[sdk=iphonesimulator*]" = UIStatusBarStyleDefault;
				INFOPLIST_KEY_UISupportedInterfaceOrientations_iPad = "UIInterfaceOrientationPortrait UIInterfaceOrientationPortraitUpsideDown UIInterfaceOrientationLandscapeLeft UIInterfaceOrientationLandscapeRight";
				INFOPLIST_KEY_UISupportedInterfaceOrientations_iPhone = "UIInterfaceOrientationPortrait UIInterfaceOrientationLandscapeLeft UIInterfaceOrientationLandscapeRight";
				IPHONEOS_DEPLOYMENT_TARGET = 17.2;
				LD_RUNPATH_SEARCH_PATHS = "@executable_path/Frameworks";
				"LD_RUNPATH_SEARCH_PATHS[sdk=macosx*]" = "@executable_path/../Frameworks";
				MACOSX_DEPLOYMENT_TARGET = 14.2;
				MARKETING_VERSION = 1.0;
				PRODUCT_BUNDLE_IDENTIFIER = com.hollander.Eyeze;
				PRODUCT_NAME = "$(TARGET_NAME)";
				SDKROOT = auto;
				SUPPORTED_PLATFORMS = "iphoneos iphonesimulator macosx";
				SWIFT_EMIT_LOC_STRINGS = YES;
				SWIFT_VERSION = 5.0;
				TARGETED_DEVICE_FAMILY = "1,2";
			};
			name = Release;
		};
/* End XCBuildConfiguration section */

/* Begin XCConfigurationList section */
		F46C8C722C8B3A3900978CE7 /* Build configuration list for PBXProject "Eyeze" */ = {
			isa = XCConfigurationList;
			buildConfigurations = (
				F46C8C842C8B3A3A00978CE7 /* Debug */,
				F46C8C852C8B3A3A00978CE7 /* Release */,
			);
			defaultConfigurationIsVisible = 0;
			defaultConfigurationName = Release;
		};
		F46C8C862C8B3A3A00978CE7 /* Build configuration list for PBXNativeTarget "Eyeze" */ = {
			isa = XCConfigurationList;
			buildConfigurations = (
				F46C8C872C8B3A3A00978CE7 /* Debug */,
				F46C8C882C8B3A3A00978CE7 /* Release */,
			);
			defaultConfigurationIsVisible = 0;
			defaultConfigurationName = Release;
		};
/* End XCConfigurationList section */

/* Begin XCRemoteSwiftPackageReference section */
		F459315E2C8ECAF300DA4FC3 /* XCRemoteSwiftPackageReference "SwiftOpenAI" */ = {
			isa = XCRemoteSwiftPackageReference;
			repositoryURL = "https://github.com/jamesrochabrun/SwiftOpenAI?tab=readme-ov-file#azure-openai:~:text=search%20bar%2C%20enter-,this%20URL,-.";
			requirement = {
				kind = upToNextMajorVersion;
				minimumVersion = 2.0.0;
			};
		};
/* End XCRemoteSwiftPackageReference section */

/* Begin XCSwiftPackageProductDependency section */
		F459315F2C8ECAF300DA4FC3 /* SwiftOpenAI */ = {
			isa = XCSwiftPackageProductDependency;
			package = F459315E2C8ECAF300DA4FC3 /* XCRemoteSwiftPackageReference "SwiftOpenAI" */;
			productName = SwiftOpenAI;
		};
/* End XCSwiftPackageProductDependency section */
	};
	rootObject = F46C8C6F2C8B3A3900978CE7 /* Project object */;
}
